
Microsoft Visual Studio Solution File, Format Version 12.00
# Visual Studio Version 18
VisualStudioVersion = 18.6.11806.211
MinimumVisualStudioVersion = 10.0.40219.1
Project("{FAE04EC0-301F-11D3-BF4B-00C04F79EFBC}") = "ConsoleUI.Lab01", "ConsoleUI.Lab01\ConsoleUI.Lab01.csproj", "{B7DCFDE6-D207-420F-8E2F-D02B4292BF3C}"
EndProject
Project("{FAE04EC0-301F-11D3-BF4B-00C04F79EFBC}") = "Core", "Core\Core.csproj", "{4C23CF18-B634-4874-A46B-73363518B0DB}"
EndProject
Project("{FAE04EC0-301F-11D3-BF4B-00C04F79EFBC}") = "ConsoleUI.Lab02", "ConsoleUI.Lab02\ConsoleUI.Lab02.csproj", "{2FB71C90-083D-4C36-B472-49B2961047D4}"
EndProject
Project("{FAE04EC0-301F-11D3-BF4B-00C04F79EFBC}") = "ConsoleUI.Lab03", "ConsoleUI.Lab03\ConsoleUI.Lab03.csproj", "{C251DA43-53EC-455F-8BF7-E32886C39D27}"
EndProject
Project("{FAE04EC0-301F-11D3-BF4B-00C04F79EFBC}") = "ConsoleUI.Lab05", "ConsoleUI.Lab05\ConsoleUI.Lab05.csproj", "{22D2913B-8922-4794-9ACA-C659F7C7818C}"
EndProject
Project("{FAE04EC0-301F-11D3-BF4B-00C04F79EFBC}") = "ConsoleUI.Lab04", "ConsoleUI.Lab04\ConsoleUI.Lab04.csproj", "{9A0D0BF2-5BB3-4F84-877E-A5D6D5AF8607}"
EndProject
Project("{FAE04EC0-301F-11D3-BF4B-00C04F79EFBC}") = "MedicalApp", "MedicalApp\MedicalApp.csproj", "{7F0A3042-264B-45B9-944C-F9E9866D819F}"
EndProject
Project("{FAE04EC0-301F-11D3-BF4B-00C04F79EFBC}") = "MedicalSystem", "MedicalSystem\MedicalSystem.csproj", "{E1A3353D-7C56-4677-877A-797A7C626154}"
EndProject
Project("{FAE04EC0-301F-11D3-BF4B-00C04F79EFBC}") = "MedicalSystemMVVM", "MedicalSystemMVVM\MedicalSystemMVVM.csproj", "{6F640AB2-6B91-4333-BFA7-76659E556C0E}"
EndProject
Project("{FAE04EC0-301F-11D3-BF4B-00C04F79EFBC}") = "MedicalSystem.Tests", "MedicalSystem.Tests\MedicalSystem.Tests.csproj", "{7C4E54E8-27BF-45BF-A49D-1949FEF76609}"
EndProject
Global
	GlobalSection(SolutionConfigurationPlatforms) = preSolution
		Debug|Any CPU = Debug|Any CPU
		Release|Any CPU = Release|Any CPU
	EndGlobalSection
	GlobalSection(ProjectConfigurationPlatforms) = postSolution
		{B7DCFDE6-D207-420F-8E2F-D02B4292BF3C}.Debug|Any CPU.ActiveCfg = Debug|Any CPU
		{B7DCFDE6-D207-420F-8E2F-D02B4292BF3C}.Debug|Any CPU.Build.0 = Debug|Any CPU
		{B7DCFDE6-D207-420F-8E2F-D02B4292BF3C}.Release|Any CPU.ActiveCfg = Release|Any CPU
		{B7DCFDE6-D207-420F-8E2F-D02B4292BF3C}.Release|Any CPU.Build.0 = Release|Any CPU
		{4C23CF18-B634-4874-A46B-73363518B0DB}.Debug|Any CPU.ActiveCfg = Debug|Any CPU
		{4C23CF18-B634-4874-A46B-73363518B0DB}.Debug|Any CPU.Build.0 = Debug|Any CPU
		{4C23CF18-B634-4874-A46B-73363518B0DB}.Release|Any CPU.ActiveCfg = Release|Any CPU
		{4C23CF18-B634-4874-A46B-73363518B0DB}.Release|Any CPU.Build.0 = Release|Any CPU
		{2FB71C90-083D-4C36-B472-49B2961047D4}.Debug|Any CPU.ActiveCfg = Debug|Any CPU
		{2FB71C90-083D-4C36-B472-49B2961047D4}.Debug|Any CPU.Build.0 = Debug|Any CPU
		{2FB71C90-083D-4C36-B472-49B2961047D4}.Release|Any CPU.ActiveCfg = Release|Any CPU
		{2FB71C90-083D-4C36-B472-49B2961047D4}.Release|Any CPU.Build.0 = Release|Any CPU
		{C251DA43-53EC-455F-8BF7-E32886C39D27}.Debug|Any CPU.ActiveCfg = Debug|Any CPU
		{C251DA43-53EC-455F-8BF7-E32886C39D27}.Debug|Any CPU.Build.0 = Debug|Any CPU
		{C251DA43-53EC-455F-8BF7-E32886C39D27}.Release|Any CPU.ActiveCfg = Release|Any CPU
		{C251DA43-53EC-455F-8BF7-E32886C39D27}.Release|Any CPU.Build.0 = Release|Any CPU
		{22D2913B-8922-4794-9ACA-C659F7C7818C}.Debug|Any CPU.ActiveCfg = Debug|Any CPU
		{22D2913B-8922-4794-9ACA-C659F7C7818C}.Debug|Any CPU.Build.0 = Debug|Any CPU
		{22D2913B-8922-4794-9ACA-C659F7C7818C}.Release|Any CPU.ActiveCfg = Release|Any CPU
		{22D2913B-8922-4794-9ACA-C659F7C7818C}.Release|Any CPU.Build.0 = Release|Any CPU
		{9A0D0BF2-5BB3-4F84-877E-A5D6D5AF8607}.Debug|Any CPU.ActiveCfg = Debug|Any CPU
		{9A0D0BF2-5BB3-4F84-877E-A5D6D5AF8607}.Debug|Any CPU.Build.0 = Debug|Any CPU
		{9A0D0BF2-5BB3-4F84-877E-A5D6D5AF8607}.Release|Any CPU.ActiveCfg = Release|Any CPU
		{9A0D0BF2-5BB3-4F84-877E-A5D6D5AF8607}.Release|Any CPU.Build.0 = Release|Any CPU
		{7F0A3042-264B-45B9-944C-F9E9866D819F}.Debug|Any CPU.ActiveCfg = Debug|Any CPU
		{7F0A3042-264B-45B9-944C-F9E9866D819F}.Debug|Any CPU.Build.0 = Debug|Any CPU
		{7F0A3042-264B-45B9-944C-F9E9866D819F}.Release|Any CPU.ActiveCfg = Release|Any CPU
		{7F0A3042-264B-45B9-944C-F9E9866D819F}.Release|Any CPU.Build.0 = Release|Any CPU
		{E1A3353D-7C56-4677-877A-797A7C626154}.Debug|Any CPU.ActiveCfg = Debug|Any CPU
		{E1A3353D-7C56-4677-877A-797A7C626154}.Debug|Any CPU.Build.0 = Debug|Any CPU
		{E1A3353D-7C56-4677-877A-797A7C626154}.Release|Any CPU.ActiveCfg = Release|Any CPU
		{E1A3353D-7C56-4677-877A-797A7C626154}.Release|Any CPU.Build.0 = Release|Any CPU
		{6F640AB2-6B91-4333-BFA7-76659E556C0E}.Debug|Any CPU.ActiveCfg = Debug|Any CPU
		{6F640AB2-6B91-4333-BFA7-76659E556C0E}.Debug|Any CPU.Build.0 = Debug|Any CPU
		{6F640AB2-6B91-4333-BFA7-76659E556C0E}.Release|Any CPU.ActiveCfg = Release|Any CPU
		{6F640AB2-6B91-4333-BFA7-76659E556C0E}.Release|Any CPU.Build.0 = Release|Any CPU
		{7C4E54E8-27BF-45BF-A49D-1949FEF76609}.Debug|Any CPU.ActiveCfg = Debug|Any CPU
		{7C4E54E8-27BF-45BF-A49D-1949FEF76609}.Debug|Any CPU.Build.0 = Debug|Any CPU
		{7C4E54E8-27BF-45BF-A49D-1949FEF76609}.Release|Any CPU.ActiveCfg = Release|Any CPU
		{7C4E54E8-27BF-45BF-A49D-1949FEF76609}.Release|Any CPU.Build.0 = Release|Any CPU
	EndGlobalSection
	GlobalSection(SolutionProperties) = preSolution
		HideSolutionNode = FALSE
	EndGlobalSection
	GlobalSection(ExtensibilityGlobals) = postSolution
		SolutionGuid = {4ABA2EA1-A280-4D59-BD7C-FDD9F602C9A1}
	EndGlobalSection
EndGlobal
