
Microsoft Visual Studio Solution File, Format Version 12.00
Project("{FAE04EC0-301F-11D3-BF4B-00C04F79EFBC}") = "ConsoleUI.Lab01", "ConsoleUI.Lab01\ConsoleUI.Lab01.csproj", "{B7DCFDE6-D207-420F-8E2F-D02B4292BF3C}"
EndProject
Project("{FAE04EC0-301F-11D3-BF4B-00C04F79EFBC}") = "Core", "Core\Core.csproj", "{4C23CF18-B634-4874-A46B-73363518B0DB}"
EndProject
Project("{FAE04EC0-301F-11D3-BF4B-00C04F79EFBC}") = "ConsoleUI.Lab02", "ConsoleUI.Lab02\ConsoleUI.Lab02.csproj", "{2FB71C90-083D-4C36-B472-49B2961047D4}"
EndProject
Project("{FAE04EC0-301F-11D3-BF4B-00C04F79EFBC}") = "ConsoleUI.Lab03", "ConsoleUI.Lab03\ConsoleUI.Lab03.csproj", "{C251DA43-53EC-455F-8BF7-E32886C39D27}"
EndProject
Project("{FAE04EC0-301F-11D3-BF4B-00C04F79EFBC}") = "ConsoleUI.Lab5", "ConsoleUI.Lab5\ConsoleUI.Lab5.csproj", "{22D2913B-8922-4794-9ACA-C659F7C7818C}"
EndProject
Global
	GlobalSection(SolutionConfigurationPlatforms) = preSolution
		Debug|Any CPU = Debug|Any CPU
		Release|Any CPU = Release|Any CPU
	EndGlobalSection
	GlobalSection(ProjectConfigurationPlatforms) = postSolution
		{B7DCFDE6-D207-420F-8E2F-D02B4292BF3C}.Debug|Any CPU.ActiveCfg = Debug|Any CPU
		{B7DCFDE6-D207-420F-8E2F-D02B4292BF3C}.Debug|Any CPU.Build.0 = Debug|Any CPU
		{B7DCFDE6-D207-420F-8E2F-D02B4292BF3C}.Release|Any CPU.ActiveCfg = Release|Any CPU
		{B7DCFDE6-D207-420F-8E2F-D02B4292BF3C}.Release|Any CPU.Build.0 = Release|Any CPU
		{4C23CF18-B634-4874-A46B-73363518B0DB}.Debug|Any CPU.ActiveCfg = Debug|Any CPU
		{4C23CF18-B634-4874-A46B-73363518B0DB}.Debug|Any CPU.Build.0 = Debug|Any CPU
		{4C23CF18-B634-4874-A46B-73363518B0DB}.Release|Any CPU.ActiveCfg = Release|Any CPU
		{4C23CF18-B634-4874-A46B-73363518B0DB}.Release|Any CPU.Build.0 = Release|Any CPU
		{2FB71C90-083D-4C36-B472-49B2961047D4}.Debug|Any CPU.ActiveCfg = Debug|Any CPU
		{2FB71C90-083D-4C36-B472-49B2961047D4}.Debug|Any CPU.Build.0 = Debug|Any CPU
		{2FB71C90-083D-4C36-B472-49B2961047D4}.Release|Any CPU.ActiveCfg = Release|Any CPU
		{2FB71C90-083D-4C36-B472-49B2961047D4}.Release|Any CPU.Build.0 = Release|Any CPU
		{C251DA43-53EC-455F-8BF7-E32886C39D27}.Debug|Any CPU.ActiveCfg = Debug|Any CPU
		{C251DA43-53EC-455F-8BF7-E32886C39D27}.Debug|Any CPU.Build.0 = Debug|Any CPU
		{C251DA43-53EC-455F-8BF7-E32886C39D27}.Release|Any CPU.ActiveCfg = Release|Any CPU
		{C251DA43-53EC-455F-8BF7-E32886C39D27}.Release|Any CPU.Build.0 = Release|Any CPU
		{22D2913B-8922-4794-9ACA-C659F7C7818C}.Debug|Any CPU.ActiveCfg = Debug|Any CPU
		{22D2913B-8922-4794-9ACA-C659F7C7818C}.Debug|Any CPU.Build.0 = Debug|Any CPU
		{22D2913B-8922-4794-9ACA-C659F7C7818C}.Release|Any CPU.ActiveCfg = Release|Any CPU
		{22D2913B-8922-4794-9ACA-C659F7C7818C}.Release|Any CPU.Build.0 = Release|Any CPU
	EndGlobalSection
EndGlobal
